lockfileVersion: '6.0'

settings:
  autoInstallPeers: true
  excludeLinksFromLockfile: false

dependencies:
  '@openpanel/nextjs':
    specifier: 0.0.5-beta
    version: 0.0.5-beta(next@13.1.3)(react-dom@18.2.0)(react@18.2.0)
  next:
    specifier: 13.1.3
    version: 13.1.3(react-dom@18.2.0)(react@18.2.0)
  react:
    specifier: ^18
    version: 18.2.0
  react-dom:
    specifier: ^18
    version: 18.2.0(react@18.2.0)

devDependencies:
  '@types/node':
    specifier: ^20
    version: 20.11.27
  '@types/react':
    specifier: ^18
    version: 18.2.65
  '@types/react-dom':
    specifier: ^18
    version: 18.2.22
  typescript:
    specifier: ^5
    version: 5.4.2

packages:

  /@next/env@13.1.3:
    resolution: {integrity: sha512-ye0yvGmlzQQJnzNC7tC/ZhgRMd0s54msgrDOft1SjEG1Fbb+RBxGsalPqG3tUGuchA25z3npAtkFoAP8d2wPnw==}
    dev: false

  /@next/swc-android-arm-eabi@13.1.3:
    resolution: {integrity: sha512-kXL0z7uVUHdUkXY997oZcoz4PXWXRJq3R9x2UYz0uW8OHsZinxTW/BgyzH8nfTB/4/a0nox4fgzQRurjem3nGQ==}
    engines: {node: '>= 10'}
    cpu: [arm]
    os: [android]
    requiresBuild: true
    dev: false
    optional: true

  /@next/swc-android-arm64@13.1.3:
    resolution: {integrity: sha512-ZHYC5Ze+syk9mex/T5XILHox5xjJotQ5GmPqHrJpXh9AOuIZnfhNP/zeLYaOXWaJmrE55Ni56VxHgckJfpGeBw==}
    engines: {node: '>= 10'}
    cpu: [arm64]
    os: [android]
    requiresBuild: true
    dev: false
    optional: true

  /@next/swc-darwin-arm64@13.1.3:
    resolution: {integrity: sha512-B8Gyx/XhoxiiD4kHjnNVPCdgvLvIeQQGE2Nq6P7gsG0t17mMcPS4Y8fh/kVJSZAu5B5bAACwYIsI5bKMFzM+Ug==}
    engines: {node: '>= 10'}
    cpu: [arm64]
    os: [darwin]
    requiresBuild: true
    dev: false
    optional: true

  /@next/swc-darwin-x64@13.1.3:
    resolution: {integrity: sha512-SCXf0JA3tR9FcsFA53a3LWDaxoIWFoLSbN3m88cYQYQMluObxwo6SBeUD9E3F4pM0bXEeIGOh8Y6u8w0GmmGoQ==}
    engines: {node: '>= 10'}
    cpu: [x64]
    os: [darwin]
    requiresBuild: true
    dev: false
    optional: true

  /@next/swc-freebsd-x64@13.1.3:
    resolution: {integrity: sha512-bUf1HYF3znES0Kd75fRnVp7LXlwF3MiuTk/qh32t1VH8CHSGsJmPPtHw4ag5GgwCbIn3AwWJQgqS+jyVYj40CA==}
    engines: {node: '>= 10'}
    cpu: [x64]
    os: [freebsd]
    requiresBuild: true
    dev: false
    optional: true

  /@next/swc-linux-arm-gnueabihf@13.1.3:
    resolution: {integrity: sha512-ibl6YbAoOVH5whhHcC3s4auSKLIzWyhRdv9M8373m8xaTWkAGtFNgbJysaTBm4M9RlePPX0G81oul9wmpkP48w==}
    engines: {node: '>= 10'}
    cpu: [arm]
    os: [linux]
    requiresBuild: true
    dev: false
    optional: true

  /@next/swc-linux-arm64-gnu@13.1.3:
    resolution: {integrity: sha512-ChsZxyNgAu1JHLQWZq4L6lJ4VQ4Rj30qA8VCGkr1AFiqwWabri9dc5y32zJSmqa6Ex6NVDyYCNBKUGlcUOmDtw==}
    engines: {node: '>= 10'}
    cpu: [arm64]
    os: [linux]
    requiresBuild: true
    dev: false
    optional: true

  /@next/swc-linux-arm64-musl@13.1.3:
    resolution: {integrity: sha512-WoYE9I/1iEW9wldxFxhu+OZmU4IbwQQl/w5nFrgbSIyGz3g3JeaQxJOdyMggX3WOjWF9khdJ4r4ANa0TsF28DA==}
    engines: {node: '>= 10'}
    cpu: [arm64]
    os: [linux]
    requiresBuild: true
    dev: false
    optional: true

  /@next/swc-linux-x64-gnu@13.1.3:
    resolution: {integrity: sha512-fz5j+p1MsD0Kb+vMUkHzKxzFDteqzAqtdC41NyRvyKYhAffyDsfjGB542nmtt+EdxtlpDWfH204gN6nNXDDI7w==}
    engines: {node: '>= 10'}
    cpu: [x64]
    os: [linux]
    requiresBuild: true
    dev: false
    optional: true

  /@next/swc-linux-x64-musl@13.1.3:
    resolution: {integrity: sha512-kw98zZnIAGyElE8GqsY5oH/n/vLYWqhEHlhHlY9ZzPIhsKwybWqLTq6ZPA60fEgRm9+UoU6u7lGD9pjZhTBRvA==}
    engines: {node: '>= 10'}
    cpu: [x64]
    os: [linux]
    requiresBuild: true
    dev: false
    optional: true

  /@next/swc-win32-arm64-msvc@13.1.3:
    resolution: {integrity: sha512-bfulLL1SkaECHnv1Oz1nLdwpMu/B/TQEzA3+XoJYoiZaKHuTrufDIr+fTUasK5l7KQmB1y8LXSMKEKVeZomeGg==}
    engines: {node: '>= 10'}
    cpu: [arm64]
    os: [win32]
    requiresBuild: true
    dev: false
    optional: true

  /@next/swc-win32-ia32-msvc@13.1.3:
    resolution: {integrity: sha512-5UwjzQWgUdKAinZgLSYB8BG5jtTUuUGBh//7EwDXf+nqfTEZ7VOaDuHWeO6MQLkuSgQOIpwL5uMJQFJY1rX69A==}
    engines: {node: '>= 10'}
    cpu: [ia32]
    os: [win32]
    requiresBuild: true
    dev: false
    optional: true

  /@next/swc-win32-x64-msvc@13.1.3:
    resolution: {integrity: sha512-P9fSi+/FZKGQXV4kCJg2td2jkIvDryDFZr/mn+0xfWiC/rcSov9CHK0W3qh+ZXyItLEe6dOtAdGxlTYOijHthw==}
    engines: {node: '>= 10'}
    cpu: [x64]
    os: [win32]
    requiresBuild: true
    dev: false
    optional: true

  /@openpanel/nextjs@0.0.5-beta(next@13.1.3)(react-dom@18.2.0)(react@18.2.0):
    resolution: {integrity: sha512-rkGYXnFKJ3p9hnrGxdF44Q7n+Crs4QBg/4VQ0511J53frA+kXzSur8uRummWT8WWlLmmxPxmEJtIr9wxTRl9UQ==}
    peerDependencies:
      next: ^14.0.0
      react: ^18.2.0
      react-dom: ^18.2.0
    dependencies:
      '@openpanel/web': 0.0.5-beta
      next: 13.1.3(react-dom@18.2.0)(react@18.2.0)
      react: 18.2.0
      react-dom: 18.2.0(react@18.2.0)
    dev: false

  /@openpanel/sdk@0.0.5-beta:
    resolution: {integrity: sha512-+suZtp4bfZpMVlk/kQ3S6c/hI34Adr6V9MqjNIarUrGc/V3hdXB72vazD3AxZQNxIotnZMdsIgWPb1PQWhXNDg==}
    dev: false

  /@openpanel/web@0.0.5-beta:
    resolution: {integrity: sha512-7prkaTWzzoeHzfSWvfpuKlW0VrDk+uj7tPVrPROBrQhqWAxzNzQBCNgl8WrTCkB6+rB7S8V3WHB8D7q+hc6K7g==}
    dependencies:
      '@openpanel/sdk': 0.0.5-beta
    dev: false

  /@swc/helpers@0.4.14:
    resolution: {integrity: sha512-4C7nX/dvpzB7za4Ql9K81xK3HPxCpHMgwTZVyf+9JQ6VUbn9jjZVN7/Nkdz/Ugzs2CSjqnL/UPXroiVBVHUWUw==}
    dependencies:
      tslib: 2.6.2
    dev: false

  /@types/node@20.11.27:
    resolution: {integrity: sha512-qyUZfMnCg1KEz57r7pzFtSGt49f6RPkPBis3Vo4PbS7roQEDn22hiHzl/Lo1q4i4hDEgBJmBF/NTNg2XR0HbFg==}
    dependencies:
      undici-types: 5.26.5
    dev: true

  /@types/prop-types@15.7.11:
    resolution: {integrity: sha512-ga8y9v9uyeiLdpKddhxYQkxNDrfvuPrlFb0N1qnZZByvcElJaXthF1UhvCh9TLWJBEHeNtdnbysW7Y6Uq8CVng==}
    dev: true

  /@types/react-dom@18.2.22:
    resolution: {integrity: sha512-fHkBXPeNtfvri6gdsMYyW+dW7RXFo6Ad09nLFK0VQWR7yGLai/Cyvyj696gbwYvBnhGtevUG9cET0pmUbMtoPQ==}
    dependencies:
      '@types/react': 18.2.65
    dev: true

  /@types/react@18.2.65:
    resolution: {integrity: sha512-98TsY0aW4jqx/3RqsUXwMDZSWR1Z4CUlJNue8ueS2/wcxZOsz4xmW1X8ieaWVRHcmmQM3R8xVA4XWB3dJnWwDQ==}
    dependencies:
      '@types/prop-types': 15.7.11
      '@types/scheduler': 0.16.8
      csstype: 3.1.3
    dev: true

  /@types/scheduler@0.16.8:
    resolution: {integrity: sha512-WZLiwShhwLRmeV6zH+GkbOFT6Z6VklCItrDioxUnv+u4Ll+8vKeFySoFyK/0ctcRpOmwAicELfmys1sDc/Rw+A==}
    dev: true

  /caniuse-lite@1.0.30001597:
    resolution: {integrity: sha512-7LjJvmQU6Sj7bL0j5b5WY/3n7utXUJvAe1lxhsHDbLmwX9mdL86Yjtr+5SRCyf8qME4M7pU2hswj0FpyBVCv9w==}
    dev: false

  /client-only@0.0.1:
    resolution: {integrity: sha512-IV3Ou0jSMzZrd3pZ48nLkT9DA7Ag1pnPzaiQhpW7c3RbcqqzvzzVu+L8gfqMp/8IM2MQtSiqaCxrrcfu8I8rMA==}
    dev: false

  /csstype@3.1.3:
    resolution: {integrity: sha512-M1uQkMl8rQK/szD0LNhtqxIPLpimGm8sOBwU7lLnCpSbTyY3yeU1Vc7l4KT5zT4s/yOxHH5O7tIuuLOCnLADRw==}
    dev: true

  /js-tokens@4.0.0:
    resolution: {integrity: sha512-RdJUflcE3cUzKiMqQgsCu06FPu9UdIJO0beYbPhHN4k6apgJtifcoCtT9bcxOpYBtpD2kCM6Sbzg4CausW/PKQ==}
    dev: false

  /loose-envify@1.4.0:
    resolution: {integrity: sha512-lyuxPGr/Wfhrlem2CL/UcnUc1zcqKAImBDzukY7Y5F/yQiNdko6+fRLevlw1HgMySw7f611UIY408EtxRSoK3Q==}
    hasBin: true
    dependencies:
      js-tokens: 4.0.0
    dev: false

  /nanoid@3.3.7:
    resolution: {integrity: sha512-eSRppjcPIatRIMC1U6UngP8XFcz8MQWGQdt1MTBQ7NaAmvXDfvNxbvWV3x2y6CdEUciCSsDHDQZbhYaB8QEo2g==}
    engines: {node: ^10 || ^12 || ^13.7 || ^14 || >=15.0.1}
    hasBin: true
    dev: false

  /next@13.1.3(react-dom@18.2.0)(react@18.2.0):
    resolution: {integrity: sha512-ig7m7Po/F+Wp0xl+9RKYZq+PYfgVmONH6hBPVT2+jrdUmZkrqsN5ioSe4oQbCAb9tMtVr07agVdK2HFjD15Yug==}
    engines: {node: '>=14.6.0'}
    hasBin: true
    peerDependencies:
      fibers: '>= 3.1.0'
      node-sass: ^6.0.0 || ^7.0.0
      react: ^18.2.0
      react-dom: ^18.2.0
      sass: ^1.3.0
    peerDependenciesMeta:
      fibers:
        optional: true
      node-sass:
        optional: true
      sass:
        optional: true
    dependencies:
      '@next/env': 13.1.3
      '@swc/helpers': 0.4.14
      caniuse-lite: 1.0.30001597
      postcss: 8.4.14
      react: 18.2.0
      react-dom: 18.2.0(react@18.2.0)
      styled-jsx: 5.1.1(react@18.2.0)
    optionalDependencies:
      '@next/swc-android-arm-eabi': 13.1.3
      '@next/swc-android-arm64': 13.1.3
      '@next/swc-darwin-arm64': 13.1.3
      '@next/swc-darwin-x64': 13.1.3
      '@next/swc-freebsd-x64': 13.1.3
      '@next/swc-linux-arm-gnueabihf': 13.1.3
      '@next/swc-linux-arm64-gnu': 13.1.3
      '@next/swc-linux-arm64-musl': 13.1.3
      '@next/swc-linux-x64-gnu': 13.1.3
      '@next/swc-linux-x64-musl': 13.1.3
      '@next/swc-win32-arm64-msvc': 13.1.3
      '@next/swc-win32-ia32-msvc': 13.1.3
      '@next/swc-win32-x64-msvc': 13.1.3
    transitivePeerDependencies:
      - '@babel/core'
      - babel-plugin-macros
    dev: false

  /picocolors@1.0.0:
    resolution: {integrity: sha512-1fygroTLlHu66zi26VoTDv8yRgm0Fccecssto+MhsZ0D/DGW2sm8E8AjW7NU5VVTRt5GxbeZ5qBuJr+HyLYkjQ==}
    dev: false

  /postcss@8.4.14:
    resolution: {integrity: sha512-E398TUmfAYFPBSdzgeieK2Y1+1cpdxJx8yXbK/m57nRhKSmk1GB2tO4lbLBtlkfPQTDKfe4Xqv1ASWPpayPEig==}
    engines: {node: ^10 || ^12 || >=14}
    dependencies:
      nanoid: 3.3.7
      picocolors: 1.0.0
      source-map-js: 1.0.2
    dev: false

  /react-dom@18.2.0(react@18.2.0):
    resolution: {integrity: sha512-6IMTriUmvsjHUjNtEDudZfuDQUoWXVxKHhlEGSk81n4YFS+r/Kl99wXiwlVXtPBtJenozv2P+hxDsw9eA7Xo6g==}
    peerDependencies:
      react: ^18.2.0
    dependencies:
      loose-envify: 1.4.0
      react: 18.2.0
      scheduler: 0.23.0
    dev: false

  /react@18.2.0:
    resolution: {integrity: sha512-/3IjMdb2L9QbBdWiW5e3P2/npwMBaU9mHCSCUzNln0ZCYbcfTsGbTJrU/kGemdH2IWmB2ioZ+zkxtmq6g09fGQ==}
    engines: {node: '>=0.10.0'}
    dependencies:
      loose-envify: 1.4.0
    dev: false

  /scheduler@0.23.0:
    resolution: {integrity: sha512-CtuThmgHNg7zIZWAXi3AsyIzA3n4xx7aNyjwC2VJldO2LMVDhFK+63xGqq6CsJH4rTAt6/M+N4GhZiDYPx9eUw==}
    dependencies:
      loose-envify: 1.4.0
    dev: false

  /source-map-js@1.0.2:
    resolution: {integrity: sha512-R0XvVJ9WusLiqTCEiGCmICCMplcCkIwwR11mOSD9CR5u+IXYdiseeEuXCVAjS54zqwkLcPNnmU4OeJ6tUrWhDw==}
    engines: {node: '>=0.10.0'}
    dev: false

  /styled-jsx@5.1.1(react@18.2.0):
    resolution: {integrity: sha512-pW7uC1l4mBZ8ugbiZrcIsiIvVx1UmTfw7UkC3Um2tmfUq9Bhk8IiyEIPl6F8agHgjzku6j0xQEZbfA5uSgSaCw==}
    engines: {node: '>= 12.0.0'}
    peerDependencies:
      '@babel/core': '*'
      babel-plugin-macros: '*'
      react: '>= 16.8.0 || 17.x.x || ^18.0.0-0'
    peerDependenciesMeta:
      '@babel/core':
        optional: true
      babel-plugin-macros:
        optional: true
    dependencies:
      client-only: 0.0.1
      react: 18.2.0
    dev: false

  /tslib@2.6.2:
    resolution: {integrity: sha512-AEYxH93jGFPn/a2iVAwW87VuUIkR1FVUKB77NwMF7nBTDkDrrT/Hpt/IrCJ0QXhW27jTBDcf5ZY7w6RiqTMw2Q==}
    dev: false

  /typescript@5.4.2:
    resolution: {integrity: sha512-+2/g0Fds1ERlP6JsakQQDXjZdZMM+rqpamFZJEKh4kwTIn3iDkgKtby0CeNd5ATNZ4Ry1ax15TMx0W2V+miizQ==}
    engines: {node: '>=14.17'}
    hasBin: true
    dev: true

  /undici-types@5.26.5:
    resolution: {integrity: sha512-JlCMO+ehdEIKqlFxk6IfVoAUVmgz7cU7zD/h9XZ0qzeosSHmUJVOzSQvvYSYWXkFXC+IfLKSIffhv0sVZup6pA==}
    dev: true
